
Microsoft Visual Studio Solution File, Format Version 12.00
# Visual Studio Version 17
VisualStudioVersion = 17.11.35327.3
MinimumVisualStudioVersion = 10.0.40219.1
Project("{FAE04EC0-301F-11D3-BF4B-00C04F79EFBC}") = "Week14OOP", "Week14OOP\Week14OOP.csproj", "{BB8FE5AD-DDBA-44EC-AD9D-32024BF937FA}"
EndProject
Global
	GlobalSection(SolutionConfigurationPlatforms) = preSolution
		Debug|Any CPU = Debug|Any CPU
		Release|Any CPU = Release|Any CPU
	EndGlobalSection
	GlobalSection(ProjectConfigurationPlatforms) = postSolution
		{BB8FE5AD-DDBA-44EC-AD9D-32024BF937FA}.Debug|Any CPU.ActiveCfg = Debug|Any CPU
		{BB8FE5AD-DDBA-44EC-AD9D-32024BF937FA}.Debug|Any CPU.Build.0 = Debug|Any CPU
		{BB8FE5AD-DDBA-44EC-AD9D-32024BF937FA}.Release|Any CPU.ActiveCfg = Release|Any CPU
		{BB8FE5AD-DDBA-44EC-AD9D-32024BF937FA}.Release|Any CPU.Build.0 = Release|Any CPU
	EndGlobalSection
	GlobalSection(SolutionProperties) = preSolution
		HideSolutionNode = FALSE
	EndGlobalSection
	GlobalSection(ExtensibilityGlobals) = postSolution
		SolutionGuid = {BE3E895D-6CAB-49CE-AAD6-2D70BB2D6303}
	EndGlobalSection
EndGlobal
